// !$*UTF8*$!
{
	archiveVersion = 1;
	classes = {
	};
	objectVersion = 46;
	objects = {

/* Begin PBXBuildFile section */
		9E29A2231828B701001EF7AF /* AVFoundation.framework in Frameworks */ = {isa = PBXBuildFile; fileRef = 9E29A2221828B701001EF7AF /* AVFoundation.framework */; };
		9E29A2251828B70D001EF7AF /* CoreData.framework in Frameworks */ = {isa = PBXBuildFile; fileRef = 9E29A2241828B70D001EF7AF /* CoreData.framework */; };
		9E29A2271828B71C001EF7AF /* CoreLocation.framework in Frameworks */ = {isa = PBXBuildFile; fileRef = 9E29A2261828B71C001EF7AF /* CoreLocation.framework */; };
		9E29A2291828B729001EF7AF /* CoreText.framework in Frameworks */ = {isa = PBXBuildFile; fileRef = 9E29A2281828B729001EF7AF /* CoreText.framework */; };
		9E29A22B1828B738001EF7AF /* GLKit.framework in Frameworks */ = {isa = PBXBuildFile; fileRef = 9E29A22A1828B738001EF7AF /* GLKit.framework */; };
		9E29A22D1828B746001EF7AF /* ImageIO.framework in Frameworks */ = {isa = PBXBuildFile; fileRef = 9E29A22C1828B746001EF7AF /* ImageIO.framework */; };
		9E29A22F1828B76A001EF7AF /* libc++.dylib in Frameworks */ = {isa = PBXBuildFile; fileRef = 9E29A22E1828B76A001EF7AF /* libc++.dylib */; };
		9E29A2311828B791001EF7AF /* libicucore.dylib in Frameworks */ = {isa = PBXBuildFile; fileRef = 9E29A2301828B791001EF7AF /* libicucore.dylib */; };
		9E29A2331828B7B2001EF7AF /* libz.dylib in Frameworks */ = {isa = PBXBuildFile; fileRef = 9E29A2321828B7B2001EF7AF /* libz.dylib */; };
		9E29A2351828B7C3001EF7AF /* OpenGLES.framework in Frameworks */ = {isa = PBXBuildFile; fileRef = 9E29A2341828B7C3001EF7AF /* OpenGLES.framework */; };
		9E29A2371828B7D0001EF7AF /* QuartzCore.framework in Frameworks */ = {isa = PBXBuildFile; fileRef = 9E29A2361828B7D0001EF7AF /* QuartzCore.framework */; };
		9E29A2391828B7E2001EF7AF /* SystemConfiguration.framework in Frameworks */ = {isa = PBXBuildFile; fileRef = 9E29A2381828B7E2001EF7AF /* SystemConfiguration.framework */; };
		9E29A23A1828BAFB001EF7AF /* AVFoundation.framework in Frameworks */ = {isa = PBXBuildFile; fileRef = 9E29A2221828B701001EF7AF /* AVFoundation.framework */; };
		9E29A23B1828BB08001EF7AF /* CoreData.framework in Frameworks */ = {isa = PBXBuildFile; fileRef = 9E29A2241828B70D001EF7AF /* CoreData.framework */; };
		9E29A23C1828BB19001EF7AF /* CoreLocation.framework in Frameworks */ = {isa = PBXBuildFile; fileRef = 9E29A2261828B71C001EF7AF /* CoreLocation.framework */; };
		9E29A23D1828BB29001EF7AF /* CoreText.framework in Frameworks */ = {isa = PBXBuildFile; fileRef = 9E29A2281828B729001EF7AF /* CoreText.framework */; };
		9E29A23E1828BB37001EF7AF /* GLKit.framework in Frameworks */ = {isa = PBXBuildFile; fileRef = 9E29A22A1828B738001EF7AF /* GLKit.framework */; };
		9E29A23F1828BB45001EF7AF /* ImageIO.framework in Frameworks */ = {isa = PBXBuildFile; fileRef = 9E29A22C1828B746001EF7AF /* ImageIO.framework */; };
		9E29A2401828BB5A001EF7AF /* libc++.dylib in Frameworks */ = {isa = PBXBuildFile; fileRef = 9E29A22E1828B76A001EF7AF /* libc++.dylib */; };
		9E29A2411828BB70001EF7AF /* libicucore.dylib in Frameworks */ = {isa = PBXBuildFile; fileRef = 9E29A2301828B791001EF7AF /* libicucore.dylib */; };
		9E29A2421828BB7F001EF7AF /* libz.dylib in Frameworks */ = {isa = PBXBuildFile; fileRef = 9E29A2321828B7B2001EF7AF /* libz.dylib */; };
		9E29A2431828BB90001EF7AF /* OpenGLES.framework in Frameworks */ = {isa = PBXBuildFile; fileRef = 9E29A2341828B7C3001EF7AF /* OpenGLES.framework */; };
		9E29A2441828BB9C001EF7AF /* QuartzCore.framework in Frameworks */ = {isa = PBXBuildFile; fileRef = 9E29A2361828B7D0001EF7AF /* QuartzCore.framework */; };
		9E29A2451828BBAC001EF7AF /* SystemConfiguration.framework in Frameworks */ = {isa = PBXBuildFile; fileRef = 9E29A2381828B7E2001EF7AF /* SystemConfiguration.framework */; };
		9E29A2491828C06C001EF7AF /* GoogleMaps.framework in Frameworks */ = {isa = PBXBuildFile; fileRef = 9E29A2481828C06C001EF7AF /* GoogleMaps.framework */; };
		9E29A24B1828C0D2001EF7AF /* GoogleMaps.bundle in Resources */ = {isa = PBXBuildFile; fileRef = 9E29A24A1828C0D2001EF7AF /* GoogleMaps.bundle */; };
		9E29A24D1828ED90001EF7AF /* bg_colorful_0710.png in Resources */ = {isa = PBXBuildFile; fileRef = 9E29A24C1828ED90001EF7AF /* bg_colorful_0710.png */; };
		9E29A2531828FEB8001EF7AF /* Default.png in Resources */ = {isa = PBXBuildFile; fileRef = 9E29A2521828FEB8001EF7AF /* Default.png */; };
		9E4E3A431827C5C000D70A71 /* UIKit.framework in Frameworks */ = {isa = PBXBuildFile; fileRef = 9E4E3A421827C5C000D70A71 /* UIKit.framework */; };
		9E4E3A451827C5C000D70A71 /* Foundation.framework in Frameworks */ = {isa = PBXBuildFile; fileRef = 9E4E3A441827C5C000D70A71 /* Foundation.framework */; };
		9E4E3A471827C5C000D70A71 /* CoreGraphics.framework in Frameworks */ = {isa = PBXBuildFile; fileRef = 9E4E3A461827C5C000D70A71 /* CoreGraphics.framework */; };
		9E4E3A4D1827C5C000D70A71 /* InfoPlist.strings in Resources */ = {isa = PBXBuildFile; fileRef = 9E4E3A4B1827C5C000D70A71 /* InfoPlist.strings */; };
		9E4E3A4F1827C5C000D70A71 /* main.m in Sources */ = {isa = PBXBuildFile; fileRef = 9E4E3A4E1827C5C000D70A71 /* main.m */; };
		9E4E3A531827C5C000D70A71 /* BussInfoAppDelegate.m in Sources */ = {isa = PBXBuildFile; fileRef = 9E4E3A521827C5C000D70A71 /* BussInfoAppDelegate.m */; };
		9E4E3A561827C5C000D70A71 /* BussInfoViewController.m in Sources */ = {isa = PBXBuildFile; fileRef = 9E4E3A551827C5C000D70A71 /* BussInfoViewController.m */; };
		9E4E3A591827C5C000D70A71 /* BussInfoViewController_iPhone.xib in Resources */ = {isa = PBXBuildFile; fileRef = 9E4E3A571827C5C000D70A71 /* BussInfoViewController_iPhone.xib */; };
		9E4E3A5C1827C5C000D70A71 /* BussInfoViewController_iPad.xib in Resources */ = {isa = PBXBuildFile; fileRef = 9E4E3A5A1827C5C000D70A71 /* BussInfoViewController_iPad.xib */; };
		9E4E3A641827C5C100D70A71 /* SenTestingKit.framework in Frameworks */ = {isa = PBXBuildFile; fileRef = 9E4E3A631827C5C100D70A71 /* SenTestingKit.framework */; };
		9E4E3A651827C5C100D70A71 /* UIKit.framework in Frameworks */ = {isa = PBXBuildFile; fileRef = 9E4E3A421827C5C000D70A71 /* UIKit.framework */; };
		9E4E3A661827C5C100D70A71 /* Foundation.framework in Frameworks */ = {isa = PBXBuildFile; fileRef = 9E4E3A441827C5C000D70A71 /* Foundation.framework */; };
		9E4E3A6E1827C5C100D70A71 /* InfoPlist.strings in Resources */ = {isa = PBXBuildFile; fileRef = 9E4E3A6C1827C5C100D70A71 /* InfoPlist.strings */; };
		9E4E3A711827C5C100D70A71 /* BusinessInfoTests.m in Sources */ = {isa = PBXBuildFile; fileRef = 9E4E3A701827C5C100D70A71 /* BusinessInfoTests.m */; };
		9E4E3A7C1827C94100D70A71 /* GDataXMLNode.m in Sources */ = {isa = PBXBuildFile; fileRef = 9E4E3A7B1827C94100D70A71 /* GDataXMLNode.m */; };
		9E4E3A7E1827CB3E00D70A71 /* libxml2.dylib in Frameworks */ = {isa = PBXBuildFile; fileRef = 9E4E3A7D1827CB3E00D70A71 /* libxml2.dylib */; };
		9EEACF6D18281C1900B43E8C /* BusinessTableCell.xib in Resources */ = {isa = PBXBuildFile; fileRef = 9EEACF6C18281C1900B43E8C /* BusinessTableCell.xib */; };
		9EEACF7118281D3500B43E8C /* BusinessTableCell.m in Sources */ = {isa = PBXBuildFile; fileRef = 9EEACF7018281D3500B43E8C /* BusinessTableCell.m */; };
/* End PBXBuildFile section */

/* Begin PBXContainerItemProxy section */
		9E4E3A671827C5C100D70A71 /* PBXContainerItemProxy */ = {
			isa = PBXContainerItemProxy;
			containerPortal = 9E4E3A351827C5C000D70A71 /* Project object */;
			proxyType = 1;
			remoteGlobalIDString = 9E4E3A3D1827C5C000D70A71;
			remoteInfo = BusinessInfo;
		};
/* End PBXContainerItemProxy section */

/* Begin PBXFileReference section */
		9E29A2221828B701001EF7AF /* AVFoundation.framework */ = {isa = PBXFileReference; lastKnownFileType = wrapper.framework; name = AVFoundation.framework; path = System/Library/Frameworks/AVFoundation.framework; sourceTree = SDKROOT; };
		9E29A2241828B70D001EF7AF /* CoreData.framework */ = {isa = PBXFileReference; lastKnownFileType = wrapper.framework; name = CoreData.framework; path = System/Library/Frameworks/CoreData.framework; sourceTree = SDKROOT; };
		9E29A2261828B71C001EF7AF /* CoreLocation.framework */ = {isa = PBXFileReference; lastKnownFileType = wrapper.framework; name = CoreLocation.framework; path = System/Library/Frameworks/CoreLocation.framework; sourceTree = SDKROOT; };
		9E29A2281828B729001EF7AF /* CoreText.framework */ = {isa = PBXFileReference; lastKnownFileType = wrapper.framework; name = CoreText.framework; path = System/Library/Frameworks/CoreText.framework; sourceTree = SDKROOT; };
		9E29A22A1828B738001EF7AF /* GLKit.framework */ = {isa = PBXFileReference; lastKnownFileType = wrapper.framework; name = GLKit.framework; path = System/Library/Frameworks/GLKit.framework; sourceTree = SDKROOT; };
		9E29A22C1828B746001EF7AF /* ImageIO.framework */ = {isa = PBXFileReference; lastKnownFileType = wrapper.framework; name = ImageIO.framework; path = System/Library/Frameworks/ImageIO.framework; sourceTree = SDKROOT; };
		9E29A22E1828B76A001EF7AF /* libc++.dylib */ = {isa = PBXFileReference; lastKnownFileType = "compiled.mach-o.dylib"; name = "libc++.dylib"; path = "usr/lib/libc++.dylib"; sourceTree = SDKROOT; };
		9E29A2301828B791001EF7AF /* libicucore.dylib */ = {isa = PBXFileReference; lastKnownFileType = "compiled.mach-o.dylib"; name = libicucore.dylib; path = usr/lib/libicucore.dylib; sourceTree = SDKROOT; };
		9E29A2321828B7B2001EF7AF /* libz.dylib */ = {isa = PBXFileReference; lastKnownFileType = "compiled.mach-o.dylib"; name = libz.dylib; path = usr/lib/libz.dylib; sourceTree = SDKROOT; };
		9E29A2341828B7C3001EF7AF /* OpenGLES.framework */ = {isa = PBXFileReference; lastKnownFileType = wrapper.framework; name = OpenGLES.framework; path = System/Library/Frameworks/OpenGLES.framework; sourceTree = SDKROOT; };
		9E29A2361828B7D0001EF7AF /* QuartzCore.framework */ = {isa = PBXFileReference; lastKnownFileType = wrapper.framework; name = QuartzCore.framework; path = System/Library/Frameworks/QuartzCore.framework; sourceTree = SDKROOT; };
		9E29A2381828B7E2001EF7AF /* SystemConfiguration.framework */ = {isa = PBXFileReference; lastKnownFileType = wrapper.framework; name = SystemConfiguration.framework; path = System/Library/Frameworks/SystemConfiguration.framework; sourceTree = SDKROOT; };
		9E29A2481828C06C001EF7AF /* GoogleMaps.framework */ = {isa = PBXFileReference; lastKnownFileType = wrapper.framework; path = GoogleMaps.framework; sourceTree = "<group>"; };
		9E29A24A1828C0D2001EF7AF /* GoogleMaps.bundle */ = {isa = PBXFileReference; lastKnownFileType = "wrapper.plug-in"; name = GoogleMaps.bundle; path = GoogleMaps.framework/Versions/A/Resources/GoogleMaps.bundle; sourceTree = "<group>"; };
		9E29A24C1828ED90001EF7AF /* bg_colorful_0710.png */ = {isa = PBXFileReference; lastKnownFileType = image.png; path = bg_colorful_0710.png; sourceTree = "<group>"; };
		9E29A2521828FEB8001EF7AF /* Default.png */ = {isa = PBXFileReference; lastKnownFileType = image.png; path = Default.png; sourceTree = "<group>"; };
		9E4E3A3E1827C5C000D70A71 /* BusinessInfo.app */ = {isa = PBXFileReference; explicitFileType = wrapper.application; includeInIndex = 0; path = BusinessInfo.app; sourceTree = BUILT_PRODUCTS_DIR; };
		9E4E3A421827C5C000D70A71 /* UIKit.framework */ = {isa = PBXFileReference; lastKnownFileType = wrapper.framework; name = UIKit.framework; path = System/Library/Frameworks/UIKit.framework; sourceTree = SDKROOT; };
		9E4E3A441827C5C000D70A71 /* Foundation.framework */ = {isa = PBXFileReference; lastKnownFileType = wrapper.framework; name = Foundation.framework; path = System/Library/Frameworks/Foundation.framework; sourceTree = SDKROOT; };
		9E4E3A461827C5C000D70A71 /* CoreGraphics.framework */ = {isa = PBXFileReference; lastKnownFileType = wrapper.framework; name = CoreGraphics.framework; path = System/Library/Frameworks/CoreGraphics.framework; sourceTree = SDKROOT; };
		9E4E3A4A1827C5C000D70A71 /* BusinessInfo-Info.plist */ = {isa = PBXFileReference; lastKnownFileType = text.plist.xml; path = "BusinessInfo-Info.plist"; sourceTree = "<group>"; };
		9E4E3A4C1827C5C000D70A71 /* en */ = {isa = PBXFileReference; lastKnownFileType = text.plist.strings; name = en; path = en.lproj/InfoPlist.strings; sourceTree = "<group>"; };
		9E4E3A4E1827C5C000D70A71 /* main.m */ = {isa = PBXFileReference; lastKnownFileType = sourcecode.c.objc; path = main.m; sourceTree = "<group>"; };
		9E4E3A501827C5C000D70A71 /* BusinessInfo-Prefix.pch */ = {isa = PBXFileReference; lastKnownFileType = sourcecode.c.h; path = "BusinessInfo-Prefix.pch"; sourceTree = "<group>"; };
		9E4E3A511827C5C000D70A71 /* BussInfoAppDelegate.h */ = {isa = PBXFileReference; lastKnownFileType = sourcecode.c.h; path = BussInfoAppDelegate.h; sourceTree = "<group>"; };
		9E4E3A521827C5C000D70A71 /* BussInfoAppDelegate.m */ = {isa = PBXFileReference; lastKnownFileType = sourcecode.c.objc; path = BussInfoAppDelegate.m; sourceTree = "<group>"; };
		9E4E3A541827C5C000D70A71 /* BussInfoViewController.h */ = {isa = PBXFileReference; lastKnownFileType = sourcecode.c.h; path = BussInfoViewController.h; sourceTree = "<group>"; };
		9E4E3A551827C5C000D70A71 /* BussInfoViewController.m */ = {isa = PBXFileReference; lastKnownFileType = sourcecode.c.objc; path = BussInfoViewController.m; sourceTree = "<group>"; };
		9E4E3A581827C5C000D70A71 /* en */ = {isa = PBXFileReference; lastKnownFileType = file.xib; name = en; path = en.lproj/BussInfoViewController_iPhone.xib; sourceTree = "<group>"; };
		9E4E3A5B1827C5C000D70A71 /* en */ = {isa = PBXFileReference; lastKnownFileType = file.xib; name = en; path = en.lproj/BussInfoViewController_iPad.xib; sourceTree = "<group>"; };
		9E4E3A621827C5C100D70A71 /* BusinessInfoTests.octest */ = {isa = PBXFileReference; explicitFileType = wrapper.cfbundle; includeInIndex = 0; path = BusinessInfoTests.octest; sourceTree = BUILT_PRODUCTS_DIR; };
		9E4E3A631827C5C100D70A71 /* SenTestingKit.framework */ = {isa = PBXFileReference; lastKnownFileType = wrapper.framework; name = SenTestingKit.framework; path = Library/Frameworks/SenTestingKit.framework; sourceTree = DEVELOPER_DIR; };
		9E4E3A6B1827C5C100D70A71 /* BusinessInfoTests-Info.plist */ = {isa = PBXFileReference; lastKnownFileType = text.plist.xml; path = "BusinessInfoTests-Info.plist"; sourceTree = "<group>"; };
		9E4E3A6D1827C5C100D70A71 /* en */ = {isa = PBXFileReference; lastKnownFileType = text.plist.strings; name = en; path = en.lproj/InfoPlist.strings; sourceTree = "<group>"; };
		9E4E3A6F1827C5C100D70A71 /* BusinessInfoTests.h */ = {isa = PBXFileReference; lastKnownFileType = sourcecode.c.h; path = BusinessInfoTests.h; sourceTree = "<group>"; };
		9E4E3A701827C5C100D70A71 /* BusinessInfoTests.m */ = {isa = PBXFileReference; lastKnownFileType = sourcecode.c.objc; path = BusinessInfoTests.m; sourceTree = "<group>"; };
		9E4E3A7A1827C94100D70A71 /* GDataXMLNode.h */ = {isa = PBXFileReference; fileEncoding = 4; lastKnownFileType = sourcecode.c.h; path = GDataXMLNode.h; sourceTree = "<group>"; };
		9E4E3A7B1827C94100D70A71 /* GDataXMLNode.m */ = {isa = PBXFileReference; fileEncoding = 4; lastKnownFileType = sourcecode.c.objc; path = GDataXMLNode.m; sourceTree = "<group>"; };
		9E4E3A7D1827CB3E00D70A71 /* libxml2.dylib */ = {isa = PBXFileReference; lastKnownFileType = "compiled.mach-o.dylib"; name = libxml2.dylib; path = usr/lib/libxml2.dylib; sourceTree = SDKROOT; };
		9EEACF6C18281C1900B43E8C /* BusinessTableCell.xib */ = {isa = PBXFileReference; fileEncoding = 4; lastKnownFileType = file.xib; path = BusinessTableCell.xib; sourceTree = "<group>"; };
		9EEACF6F18281D3500B43E8C /* BusinessTableCell.h */ = {isa = PBXFileReference; fileEncoding = 4; lastKnownFileType = sourcecode.c.h; path = BusinessTableCell.h; sourceTree = "<group>"; };
		9EEACF7018281D3500B43E8C /* BusinessTableCell.m */ = {isa = PBXFileReference; fileEncoding = 4; lastKnownFileType = sourcecode.c.objc; path = BusinessTableCell.m; sourceTree = "<group>"; };
/* End PBXFileReference section */

/* Begin PBXFrameworksBuildPhase section */
		9E4E3A3B1827C5C000D70A71 /* Frameworks */ = {
			isa = PBXFrameworksBuildPhase;
			buildActionMask = 2147483647;
			files = (
				9E29A2451828BBAC001EF7AF /* SystemConfiguration.framework in Frameworks */,
				9E29A2441828BB9C001EF7AF /* QuartzCore.framework in Frameworks */,
				9E29A2431828BB90001EF7AF /* OpenGLES.framework in Frameworks */,
				9E29A2421828BB7F001EF7AF /* libz.dylib in Frameworks */,
				9E29A2411828BB70001EF7AF /* libicucore.dylib in Frameworks */,
				9E29A2401828BB5A001EF7AF /* libc++.dylib in Frameworks */,
				9E29A23F1828BB45001EF7AF /* ImageIO.framework in Frameworks */,
				9E29A23E1828BB37001EF7AF /* GLKit.framework in Frameworks */,
				9E29A23D1828BB29001EF7AF /* CoreText.framework in Frameworks */,
				9E29A23C1828BB19001EF7AF /* CoreLocation.framework in Frameworks */,
				9E29A23B1828BB08001EF7AF /* CoreData.framework in Frameworks */,
				9E29A23A1828BAFB001EF7AF /* AVFoundation.framework in Frameworks */,
				9E4E3A7E1827CB3E00D70A71 /* libxml2.dylib in Frameworks */,
				9E4E3A431827C5C000D70A71 /* UIKit.framework in Frameworks */,
				9E4E3A451827C5C000D70A71 /* Foundation.framework in Frameworks */,
				9E4E3A471827C5C000D70A71 /* CoreGraphics.framework in Frameworks */,
				9E29A2491828C06C001EF7AF /* GoogleMaps.framework in Frameworks */,
			);
			runOnlyForDeploymentPostprocessing = 0;
		};
		9E4E3A5E1827C5C100D70A71 /* Frameworks */ = {
			isa = PBXFrameworksBuildPhase;
			buildActionMask = 2147483647;
			files = (
				9E29A2391828B7E2001EF7AF /* SystemConfiguration.framework in Frameworks */,
				9E29A2371828B7D0001EF7AF /* QuartzCore.framework in Frameworks */,
				9E29A2351828B7C3001EF7AF /* OpenGLES.framework in Frameworks */,
				9E29A2331828B7B2001EF7AF /* libz.dylib in Frameworks */,
				9E29A2311828B791001EF7AF /* libicucore.dylib in Frameworks */,
				9E29A22F1828B76A001EF7AF /* libc++.dylib in Frameworks */,
				9E29A22D1828B746001EF7AF /* ImageIO.framework in Frameworks */,
				9E29A22B1828B738001EF7AF /* GLKit.framework in Frameworks */,
				9E29A2291828B729001EF7AF /* CoreText.framework in Frameworks */,
				9E29A2271828B71C001EF7AF /* CoreLocation.framework in Frameworks */,
				9E29A2251828B70D001EF7AF /* CoreData.framework in Frameworks */,
				9E29A2231828B701001EF7AF /* AVFoundation.framework in Frameworks */,
				9E4E3A641827C5C100D70A71 /* SenTestingKit.framework in Frameworks */,
				9E4E3A651827C5C100D70A71 /* UIKit.framework in Frameworks */,
				9E4E3A661827C5C100D70A71 /* Foundation.framework in Frameworks */,
			);
			runOnlyForDeploymentPostprocessing = 0;
		};
/* End PBXFrameworksBuildPhase section */

/* Begin PBXGroup section */
		9E4E3A331827C5C000D70A71 = {
			isa = PBXGroup;
			children = (
				9E29A2381828B7E2001EF7AF /* SystemConfiguration.framework */,
				9E29A2361828B7D0001EF7AF /* QuartzCore.framework */,
				9E29A2341828B7C3001EF7AF /* OpenGLES.framework */,
				9E29A2321828B7B2001EF7AF /* libz.dylib */,
				9E29A2301828B791001EF7AF /* libicucore.dylib */,
				9E29A22E1828B76A001EF7AF /* libc++.dylib */,
				9E29A22C1828B746001EF7AF /* ImageIO.framework */,
				9E29A22A1828B738001EF7AF /* GLKit.framework */,
				9E29A2281828B729001EF7AF /* CoreText.framework */,
				9E29A2261828B71C001EF7AF /* CoreLocation.framework */,
				9E29A2241828B70D001EF7AF /* CoreData.framework */,
				9E29A2221828B701001EF7AF /* AVFoundation.framework */,
				9E4E3A7D1827CB3E00D70A71 /* libxml2.dylib */,
				9E4E3A481827C5C000D70A71 /* BusinessInfo */,
				9E4E3A691827C5C100D70A71 /* BusinessInfoTests */,
				9E4E3A411827C5C000D70A71 /* Frameworks */,
				9E4E3A3F1827C5C000D70A71 /* Products */,
			);
			sourceTree = "<group>";
		};
		9E4E3A3F1827C5C000D70A71 /* Products */ = {
			isa = PBXGroup;
			children = (
				9E4E3A3E1827C5C000D70A71 /* BusinessInfo.app */,
				9E4E3A621827C5C100D70A71 /* BusinessInfoTests.octest */,
			);
			name = Products;
			sourceTree = "<group>";
		};
		9E4E3A411827C5C000D70A71 /* Frameworks */ = {
			isa = PBXGroup;
			children = (
				9E29A24A1828C0D2001EF7AF /* GoogleMaps.bundle */,
				9E29A2481828C06C001EF7AF /* GoogleMaps.framework */,
				9E4E3A421827C5C000D70A71 /* UIKit.framework */,
				9E4E3A441827C5C000D70A71 /* Foundation.framework */,
				9E4E3A461827C5C000D70A71 /* CoreGraphics.framework */,
				9E4E3A631827C5C100D70A71 /* SenTestingKit.framework */,
			);
			name = Frameworks;
			sourceTree = "<group>";
		};
		9E4E3A481827C5C000D70A71 /* BusinessInfo */ = {
			isa = PBXGroup;
			children = (
				9E29A2521828FEB8001EF7AF /* Default.png */,
				9E29A24C1828ED90001EF7AF /* bg_colorful_0710.png */,
				9E4E3A511827C5C000D70A71 /* BussInfoAppDelegate.h */,
				9E4E3A521827C5C000D70A71 /* BussInfoAppDelegate.m */,
				9E4E3A541827C5C000D70A71 /* BussInfoViewController.h */,
				9E4E3A551827C5C000D70A71 /* BussInfoViewController.m */,
				9E4E3A571827C5C000D70A71 /* BussInfoViewController_iPhone.xib */,
				9E4E3A5A1827C5C000D70A71 /* BussInfoViewController_iPad.xib */,
				9E4E3A491827C5C000D70A71 /* Supporting Files */,
				9E4E3A7A1827C94100D70A71 /* GDataXMLNode.h */,
				9E4E3A7B1827C94100D70A71 /* GDataXMLNode.m */,
				9EEACF6C18281C1900B43E8C /* BusinessTableCell.xib */,
				9EEACF6F18281D3500B43E8C /* BusinessTableCell.h */,
				9EEACF7018281D3500B43E8C /* BusinessTableCell.m */,
			);
			path = BusinessInfo;
			sourceTree = "<group>";
		};
		9E4E3A491827C5C000D70A71 /* Supporting Files */ = {
			isa = PBXGroup;
			children = (
				9E4E3A4A1827C5C000D70A71 /* BusinessInfo-Info.plist */,
				9E4E3A4B1827C5C000D70A71 /* InfoPlist.strings */,
				9E4E3A4E1827C5C000D70A71 /* main.m */,
				9E4E3A501827C5C000D70A71 /* BusinessInfo-Prefix.pch */,
			);
			name = "Supporting Files";
			sourceTree = "<group>";
		};
		9E4E3A691827C5C100D70A71 /* BusinessInfoTests */ = {
			isa = PBXGroup;
			children = (
				9E4E3A6F1827C5C100D70A71 /* BusinessInfoTests.h */,
				9E4E3A701827C5C100D70A71 /* BusinessInfoTests.m */,
				9E4E3A6A1827C5C100D70A71 /* Supporting Files */,
			);
			path = BusinessInfoTests;
			sourceTree = "<group>";
		};
		9E4E3A6A1827C5C100D70A71 /* Supporting Files */ = {
			isa = PBXGroup;
			children = (
				9E4E3A6B1827C5C100D70A71 /* BusinessInfoTests-Info.plist */,
				9E4E3A6C1827C5C100D70A71 /* InfoPlist.strings */,
			);
			name = "Supporting Files";
			sourceTree = "<group>";
		};
/* End PBXGroup section */

/* Begin PBXNativeTarget section */
		9E4E3A3D1827C5C000D70A71 /* BusinessInfo */ = {
			isa = PBXNativeTarget;
			buildConfigurationList = 9E4E3A741827C5C100D70A71 /* Build configuration list for PBXNativeTarget "BusinessInfo" */;
			buildPhases = (
				9E4E3A3A1827C5C000D70A71 /* Sources */,
				9E4E3A3B1827C5C000D70A71 /* Frameworks */,
				9E4E3A3C1827C5C000D70A71 /* Resources */,
			);
			buildRules = (
			);
			dependencies = (
			);
			name = BusinessInfo;
			productName = BusinessInfo;
			productReference = 9E4E3A3E1827C5C000D70A71 /* BusinessInfo.app */;
			productType = "com.apple.product-type.application";
		};
		9E4E3A611827C5C100D70A71 /* BusinessInfoTests */ = {
			isa = PBXNativeTarget;
			buildConfigurationList = 9E4E3A771827C5C100D70A71 /* Build configuration list for PBXNativeTarget "BusinessInfoTests" */;
			buildPhases = (
				9E4E3A5D1827C5C100D70A71 /* Sources */,
				9E4E3A5E1827C5C100D70A71 /* Frameworks */,
				9E4E3A5F1827C5C100D70A71 /* Resources */,
				9E4E3A601827C5C100D70A71 /* ShellScript */,
			);
			buildRules = (
			);
			dependencies = (
				9E4E3A681827C5C100D70A71 /* PBXTargetDependency */,
			);
			name = BusinessInfoTests;
			productName = BusinessInfoTests;
			productReference = 9E4E3A621827C5C100D70A71 /* BusinessInfoTests.octest */;
			productType = "com.apple.product-type.bundle";
		};
/* End PBXNativeTarget section */

/* Begin PBXProject section */
		9E4E3A351827C5C000D70A71 /* Project object */ = {
			isa = PBXProject;
			attributes = {
				CLASSPREFIX = BussInfo;
				LastUpgradeCheck = 0450;
				ORGANIZATIONNAME = "Apple Macintosh";
			};
			buildConfigurationList = 9E4E3A381827C5C000D70A71 /* Build configuration list for PBXProject "BusinessInfo" */;
			compatibilityVersion = "Xcode 3.2";
			developmentRegion = English;
			hasScannedForEncodings = 0;
			knownRegions = (
				en,
			);
			mainGroup = 9E4E3A331827C5C000D70A71;
			productRefGroup = 9E4E3A3F1827C5C000D70A71 /* Products */;
			projectDirPath = "";
			projectRoot = "";
			targets = (
				9E4E3A3D1827C5C000D70A71 /* BusinessInfo */,
				9E4E3A611827C5C100D70A71 /* BusinessInfoTests */,
			);
		};
/* End PBXProject section */

/* Begin PBXResourcesBuildPhase section */
		9E4E3A3C1827C5C000D70A71 /* Resources */ = {
			isa = PBXResourcesBuildPhase;
			buildActionMask = 2147483647;
			files = (
				9E4E3A4D1827C5C000D70A71 /* InfoPlist.strings in Resources */,
				9E4E3A591827C5C000D70A71 /* BussInfoViewController_iPhone.xib in Resources */,
				9E4E3A5C1827C5C000D70A71 /* BussInfoViewController_iPad.xib in Resources */,
				9EEACF6D18281C1900B43E8C /* BusinessTableCell.xib in Resources */,
				9E29A24B1828C0D2001EF7AF /* GoogleMaps.bundle in Resources */,
				9E29A24D1828ED90001EF7AF /* bg_colorful_0710.png in Resources */,
				9E29A2531828FEB8001EF7AF /* Default.png in Resources */,
			);
			runOnlyForDeploymentPostprocessing = 0;
		};
		9E4E3A5F1827C5C100D70A71 /* Resources */ = {
			isa = PBXResourcesBuildPhase;
			buildActionMask = 2147483647;
			files = (
				9E4E3A6E1827C5C100D70A71 /* InfoPlist.strings in Resources */,
			);
			runOnlyForDeploymentPostprocessing = 0;
		};
/* End PBXResourcesBuildPhase section */

/* Begin PBXShellScriptBuildPhase section */
		9E4E3A601827C5C100D70A71 /* ShellScript */ = {
			isa = PBXShellScriptBuildPhase;
			buildActionMask = 2147483647;
			files = (
			);
			inputPaths = (
			);
			outputPaths = (
			);
			runOnlyForDeploymentPostprocessing = 0;
			shellPath = /bin/sh;
			shellScript = "# Run the unit tests in this test bundle.\n\"${SYSTEM_DEVELOPER_DIR}/Tools/RunUnitTests\"\n";
		};
/* End PBXShellScriptBuildPhase section */

/* Begin PBXSourcesBuildPhase section */
		9E4E3A3A1827C5C000D70A71 /* Sources */ = {
			isa = PBXSourcesBuildPhase;
			buildActionMask = 2147483647;
			files = (
				9E4E3A4F1827C5C000D70A71 /* main.m in Sources */,
				9E4E3A531827C5C000D70A71 /* BussInfoAppDelegate.m in Sources */,
				9E4E3A561827C5C000D70A71 /* BussInfoViewController.m in Sources */,
				9E4E3A7C1827C94100D70A71 /* GDataXMLNode.m in Sources */,
				9EEACF7118281D3500B43E8C /* BusinessTableCell.m in Sources */,
			);
			runOnlyForDeploymentPostprocessing = 0;
		};
		9E4E3A5D1827C5C100D70A71 /* Sources */ = {
			isa = PBXSourcesBuildPhase;
			buildActionMask = 2147483647;
			files = (
				9E4E3A711827C5C100D70A71 /* BusinessInfoTests.m in Sources */,
			);
			runOnlyForDeploymentPostprocessing = 0;
		};
/* End PBXSourcesBuildPhase section */

/* Begin PBXTargetDependency section */
		9E4E3A681827C5C100D70A71 /* PBXTargetDependency */ = {
			isa = PBXTargetDependency;
			target = 9E4E3A3D1827C5C000D70A71 /* BusinessInfo */;
			targetProxy = 9E4E3A671827C5C100D70A71 /* PBXContainerItemProxy */;
		};
/* End PBXTargetDependency section */

/* Begin PBXVariantGroup section */
		9E4E3A4B1827C5C000D70A71 /* InfoPlist.strings */ = {
			isa = PBXVariantGroup;
			children = (
				9E4E3A4C1827C5C000D70A71 /* en */,
			);
			name = InfoPlist.strings;
			sourceTree = "<group>";
		};
		9E4E3A571827C5C000D70A71 /* BussInfoViewController_iPhone.xib */ = {
			isa = PBXVariantGroup;
			children = (
				9E4E3A581827C5C000D70A71 /* en */,
			);
			name = BussInfoViewController_iPhone.xib;
			sourceTree = "<group>";
		};
		9E4E3A5A1827C5C000D70A71 /* BussInfoViewController_iPad.xib */ = {
			isa = PBXVariantGroup;
			children = (
				9E4E3A5B1827C5C000D70A71 /* en */,
			);
			name = BussInfoViewController_iPad.xib;
			sourceTree = "<group>";
		};
		9E4E3A6C1827C5C100D70A71 /* InfoPlist.strings */ = {
			isa = PBXVariantGroup;
			children = (
				9E4E3A6D1827C5C100D70A71 /* en */,
			);
			name = InfoPlist.strings;
			sourceTree = "<group>";
		};
/* End PBXVariantGroup section */

/* Begin XCBuildConfiguration section */
		9E4E3A721827C5C100D70A71 /* Debug */ = {
			isa = XCBuildConfiguration;
			buildSettings = {
				ALWAYS_SEARCH_USER_PATHS = NO;
				CLANG_CXX_LANGUAGE_STANDARD = "gnu++0x";
				CLANG_ENABLE_OBJC_ARC = YES;
				CLANG_WARN__DUPLICATE_METHOD_MATCH = YES;
				"CODE_SIGN_IDENTITY[sdk=iphoneos*]" = "iPhone Developer";
				COPY_PHASE_STRIP = NO;
				"FRAMEWORK_SEARCH_PATHS[arch=*]" = /usr/lib/libxml2.dylib;
				GCC_C_LANGUAGE_STANDARD = gnu99;
				GCC_DYNAMIC_NO_PIC = NO;
				GCC_OPTIMIZATION_LEVEL = 0;
				GCC_PREPROCESSOR_DEFINITIONS = (
					"DEBUG=1",
					"$(inherited)",
				);
				GCC_SYMBOLS_PRIVATE_EXTERN = NO;
				GCC_WARN_ABOUT_RETURN_TYPE = YES;
				GCC_WARN_UNINITIALIZED_AUTOS = YES;
				GCC_WARN_UNUSED_VARIABLE = YES;
				"HEADER_SEARCH_PATHS[arch=*]" = "$(SDKROOT)/usr/include/libxml2";
				IPHONEOS_DEPLOYMENT_TARGET = 6.0;
				OTHER_LDFLAGS = "-ObjC";
				"OTHER_LDFLAGS[arch=*]" = "-lxml2";
				SDKROOT = iphoneos;
				TARGETED_DEVICE_FAMILY = "1,2";
				"USER_HEADER_SEARCH_PATHS[arch=*]" = "$(SDKROOT)/usr/include/libxml2";
			};
			name = Debug;
		};
		9E4E3A731827C5C100D70A71 /* Release */ = {
			isa = XCBuildConfiguration;
			buildSettings = {
				ALWAYS_SEARCH_USER_PATHS = NO;
				CLANG_CXX_LANGUAGE_STANDARD = "gnu++0x";
				CLANG_ENABLE_OBJC_ARC = YES;
				CLANG_WARN__DUPLICATE_METHOD_MATCH = YES;
				"CODE_SIGN_IDENTITY[sdk=iphoneos*]" = "iPhone Developer";
				COPY_PHASE_STRIP = YES;
				GCC_C_LANGUAGE_STANDARD = gnu99;
				GCC_WARN_ABOUT_RETURN_TYPE = YES;
				GCC_WARN_UNINITIALIZED_AUTOS = YES;
				GCC_WARN_UNUSED_VARIABLE = YES;
				"HEADER_SEARCH_PATHS[arch=*]" = "$(SDKROOT)/usr/include/libxml2";
				IPHONEOS_DEPLOYMENT_TARGET = 6.0;
				OTHER_CFLAGS = "-DNS_BLOCK_ASSERTIONS=1";
				OTHER_LDFLAGS = "-ObjC";
				SDKROOT = iphoneos;
				TARGETED_DEVICE_FAMILY = "1,2";
				"USER_HEADER_SEARCH_PATHS[arch=*]" = "$(SDKROOT)/usr/include/libxml2";
				VALIDATE_PRODUCT = YES;
			};
			name = Release;
		};
		9E4E3A751827C5C100D70A71 /* Debug */ = {
			isa = XCBuildConfiguration;
			buildSettings = {
				FRAMEWORK_SEARCH_PATHS = (
					"$(inherited)",
					"\"$(SRCROOT)\"",
				);
				GCC_PRECOMPILE_PREFIX_HEADER = YES;
				GCC_PREFIX_HEADER = "BusinessInfo/BusinessInfo-Prefix.pch";
				INFOPLIST_FILE = "BusinessInfo/BusinessInfo-Info.plist";
				OTHER_LDFLAGS = "-all_load";
				PRODUCT_NAME = "$(TARGET_NAME)";
				WRAPPER_EXTENSION = app;
			};
			name = Debug;
		};
		9E4E3A761827C5C100D70A71 /* Release */ = {
			isa = XCBuildConfiguration;
			buildSettings = {
				FRAMEWORK_SEARCH_PATHS = (
					"$(inherited)",
					"\"$(SRCROOT)\"",
				);
				GCC_PRECOMPILE_PREFIX_HEADER = YES;
				GCC_PREFIX_HEADER = "BusinessInfo/BusinessInfo-Prefix.pch";
				INFOPLIST_FILE = "BusinessInfo/BusinessInfo-Info.plist";
				OTHER_LDFLAGS = "-all_load";
				PRODUCT_NAME = "$(TARGET_NAME)";
				WRAPPER_EXTENSION = app;
			};
			name = Release;
		};
		9E4E3A781827C5C100D70A71 /* Debug */ = {
			isa = XCBuildConfiguration;
			buildSettings = {
				BUNDLE_LOADER = "$(BUILT_PRODUCTS_DIR)/BusinessInfo.app/BusinessInfo";
				FRAMEWORK_SEARCH_PATHS = (
					"\"$(SDKROOT)/Developer/Library/Frameworks\"",
					"\"$(DEVELOPER_LIBRARY_DIR)/Frameworks\"",
				);
				GCC_PRECOMPILE_PREFIX_HEADER = YES;
				GCC_PREFIX_HEADER = "BusinessInfo/BusinessInfo-Prefix.pch";
				INFOPLIST_FILE = "BusinessInfoTests/BusinessInfoTests-Info.plist";
				"OTHER_LDFLAGS[arch=*]" = "-ObjC";
				PRODUCT_NAME = "$(TARGET_NAME)";
				TEST_HOST = "$(BUNDLE_LOADER)";
				WRAPPER_EXTENSION = octest;
			};
			name = Debug;
		};
		9E4E3A791827C5C100D70A71 /* Release */ = {
			isa = XCBuildConfiguration;
			buildSettings = {
				BUNDLE_LOADER = "$(BUILT_PRODUCTS_DIR)/BusinessInfo.app/BusinessInfo";
				FRAMEWORK_SEARCH_PATHS = (
					"\"$(SDKROOT)/Developer/Library/Frameworks\"",
					"\"$(DEVELOPER_LIBRARY_DIR)/Frameworks\"",
				);
				GCC_PRECOMPILE_PREFIX_HEADER = YES;
				GCC_PREFIX_HEADER = "BusinessInfo/BusinessInfo-Prefix.pch";
				INFOPLIST_FILE = "BusinessInfoTests/BusinessInfoTests-Info.plist";
				PRODUCT_NAME = "$(TARGET_NAME)";
				TEST_HOST = "$(BUNDLE_LOADER)";
				WRAPPER_EXTENSION = octest;
			};
			name = Release;
		};
/* End XCBuildConfiguration section */

/* Begin XCConfigurationList section */
		9E4E3A381827C5C000D70A71 /* Build configuration list for PBXProject "BusinessInfo" */ = {
			isa = XCConfigurationList;
			buildConfigurations = (
				9E4E3A721827C5C100D70A71 /* Debug */,
				9E4E3A731827C5C100D70A71 /* Release */,
			);
			defaultConfigurationIsVisible = 0;
			defaultConfigurationName = Release;
		};
		9E4E3A741827C5C100D70A71 /* Build configuration list for PBXNativeTarget "BusinessInfo" */ = {
			isa = XCConfigurationList;
			buildConfigurations = (
				9E4E3A751827C5C100D70A71 /* Debug */,
				9E4E3A761827C5C100D70A71 /* Release */,
			);
			defaultConfigurationIsVisible = 0;
			defaultConfigurationName = Release;
		};
		9E4E3A771827C5C100D70A71 /* Build configuration list for PBXNativeTarget "BusinessInfoTests" */ = {
			isa = XCConfigurationList;
			buildConfigurations = (
				9E4E3A781827C5C100D70A71 /* Debug */,
				9E4E3A791827C5C100D70A71 /* Release */,
			);
			defaultConfigurationIsVisible = 0;
			defaultConfigurationName = Release;
		};
/* End XCConfigurationList section */
	};
	rootObject = 9E4E3A351827C5C000D70A71 /* Project object */;
}
